
Microsoft Visual Studio Solution File, Format Version 12.00
# Visual Studio Version 17
VisualStudioVersion = 17.11.35222.181
MinimumVisualStudioVersion = 10.0.40219.1
Project("{9A19103F-16F7-4668-BE54-9A1E7A4F7556}") = "GreenLebanon.Taxi.API", "GreenLebanon.Taxi.API\GreenLebanon.Taxi.API.csproj", "{CB4DAA73-9690-4157-866C-79AE090BF336}"
EndProject
Project("{9A19103F-16F7-4668-BE54-9A1E7A4F7556}") = "GreenLebanon.Taxi.Web", "GreenLebanon.Taxi.Web\GreenLebanon.Taxi.Web.csproj", "{E31EC0B0-E9C3-4BF2-9B64-85D6A74654F9}"
EndProject
Project("{9A19103F-16F7-4668-BE54-9A1E7A4F7556}") = "GreenLebanon.Taxi.Shared", "GreenLebanon.Taxi.Shared\GreenLebanon.Taxi.Shared.csproj", "{ED4727B5-BF73-4659-AB0E-2461F30FCAE9}"
EndProject
Project("{9A19103F-16F7-4668-BE54-9A1E7A4F7556}") = "GreenLebanon.Taxi.Infrastructure", "GreenLebanon.Taxi.Infrastructure\GreenLebanon.Taxi.Infrastructure.csproj", "{12860011-F7BC-4124-8A02-1E8B043F54D7}"
EndProject
Project("{9A19103F-16F7-4668-BE54-9A1E7A4F7556}") = "GreenLebanon.Taxi.ApplicationCore", "GreenLebanon.Taxi.ApplicationCore\GreenLebanon.Taxi.ApplicationCore.csproj", "{260C9299-1F1C-45A7-AD8B-3725C7E437B1}"
EndProject
Project("{FAE04EC0-301F-11D3-BF4B-00C04F79EFBC}") = "GreenLebanon.Taxi.Application", "GreenLebanon.Taxi.Application\GreenLebanon.Taxi.Application.csproj", "{9645A4AC-B364-4BE2-844E-11293CA627EA}"
EndProject
Global
	GlobalSection(SolutionConfigurationPlatforms) = preSolution
		Debug|Any CPU = Debug|Any CPU
		Release|Any CPU = Release|Any CPU
	EndGlobalSection
	GlobalSection(ProjectConfigurationPlatforms) = postSolution
		{CB4DAA73-9690-4157-866C-79AE090BF336}.Debug|Any CPU.ActiveCfg = Debug|Any CPU
		{CB4DAA73-9690-4157-866C-79AE090BF336}.Debug|Any CPU.Build.0 = Debug|Any CPU
		{CB4DAA73-9690-4157-866C-79AE090BF336}.Release|Any CPU.ActiveCfg = Release|Any CPU
		{CB4DAA73-9690-4157-866C-79AE090BF336}.Release|Any CPU.Build.0 = Release|Any CPU
		{E31EC0B0-E9C3-4BF2-9B64-85D6A74654F9}.Debug|Any CPU.ActiveCfg = Debug|Any CPU
		{E31EC0B0-E9C3-4BF2-9B64-85D6A74654F9}.Debug|Any CPU.Build.0 = Debug|Any CPU
		{E31EC0B0-E9C3-4BF2-9B64-85D6A74654F9}.Release|Any CPU.ActiveCfg = Release|Any CPU
		{E31EC0B0-E9C3-4BF2-9B64-85D6A74654F9}.Release|Any CPU.Build.0 = Release|Any CPU
		{ED4727B5-BF73-4659-AB0E-2461F30FCAE9}.Debug|Any CPU.ActiveCfg = Debug|Any CPU
		{ED4727B5-BF73-4659-AB0E-2461F30FCAE9}.Debug|Any CPU.Build.0 = Debug|Any CPU
		{ED4727B5-BF73-4659-AB0E-2461F30FCAE9}.Release|Any CPU.ActiveCfg = Release|Any CPU
		{ED4727B5-BF73-4659-AB0E-2461F30FCAE9}.Release|Any CPU.Build.0 = Release|Any CPU
		{12860011-F7BC-4124-8A02-1E8B043F54D7}.Debug|Any CPU.ActiveCfg = Debug|Any CPU
		{12860011-F7BC-4124-8A02-1E8B043F54D7}.Debug|Any CPU.Build.0 = Debug|Any CPU
		{12860011-F7BC-4124-8A02-1E8B043F54D7}.Release|Any CPU.ActiveCfg = Release|Any CPU
		{12860011-F7BC-4124-8A02-1E8B043F54D7}.Release|Any CPU.Build.0 = Release|Any CPU
		{260C9299-1F1C-45A7-AD8B-3725C7E437B1}.Debug|Any CPU.ActiveCfg = Debug|Any CPU
		{260C9299-1F1C-45A7-AD8B-3725C7E437B1}.Debug|Any CPU.Build.0 = Debug|Any CPU
		{260C9299-1F1C-45A7-AD8B-3725C7E437B1}.Release|Any CPU.ActiveCfg = Release|Any CPU
		{260C9299-1F1C-45A7-AD8B-3725C7E437B1}.Release|Any CPU.Build.0 = Release|Any CPU
		{9645A4AC-B364-4BE2-844E-11293CA627EA}.Debug|Any CPU.ActiveCfg = Debug|Any CPU
		{9645A4AC-B364-4BE2-844E-11293CA627EA}.Debug|Any CPU.Build.0 = Debug|Any CPU
		{9645A4AC-B364-4BE2-844E-11293CA627EA}.Release|Any CPU.ActiveCfg = Release|Any CPU
		{9645A4AC-B364-4BE2-844E-11293CA627EA}.Release|Any CPU.Build.0 = Release|Any CPU
	EndGlobalSection
	GlobalSection(SolutionProperties) = preSolution
		HideSolutionNode = FALSE
	EndGlobalSection
	GlobalSection(ExtensibilityGlobals) = postSolution
		SolutionGuid = {ABC885EE-D41C-4FA0-97FB-460023364C29}
	EndGlobalSection
EndGlobal
