
Microsoft Visual Studio Solution File, Format Version 12.00
# Visual Studio Version 17
VisualStudioVersion = 17.11.35222.181
MinimumVisualStudioVersion = 10.0.40219.1
Project("{FAE04EC0-301F-11D3-BF4B-00C04F79EFBC}") = "TaxiApi", "TaxiApi.csproj", "{298EAE7E-7AEA-40F7-8C7C-448A7965698A}"
EndProject
Global
	GlobalSection(SolutionConfigurationPlatforms) = preSolution
		Debug|Any CPU = Debug|Any CPU
		Release|Any CPU = Release|Any CPU
	EndGlobalSection
	GlobalSection(ProjectConfigurationPlatforms) = postSolution
		{298EAE7E-7AEA-40F7-8C7C-448A7965698A}.Debug|Any CPU.ActiveCfg = Debug|Any CPU
		{298EAE7E-7AEA-40F7-8C7C-448A7965698A}.Debug|Any CPU.Build.0 = Debug|Any CPU
		{298EAE7E-7AEA-40F7-8C7C-448A7965698A}.Release|Any CPU.ActiveCfg = Release|Any CPU
		{298EAE7E-7AEA-40F7-8C7C-448A7965698A}.Release|Any CPU.Build.0 = Release|Any CPU
	EndGlobalSection
	GlobalSection(SolutionProperties) = preSolution
		HideSolutionNode = FALSE
	EndGlobalSection
	GlobalSection(ExtensibilityGlobals) = postSolution
		SolutionGuid = {2F728165-C45C-4694-AC00-E5E50398E669}
	EndGlobalSection
EndGlobal
