
Microsoft Visual Studio Solution File, Format Version 12.00
# Visual Studio Version 17
VisualStudioVersion = 17.11.35222.181
MinimumVisualStudioVersion = 10.0.40219.1
Project("{9A19103F-16F7-4668-BE54-9A1E7A4F7556}") = "Green_Taxi", "Green_Taxi.csproj", "{7BFA06BC-266C-4940-8B3C-A0ADE28FE57E}"
EndProject
Project("{9A19103F-16F7-4668-BE54-9A1E7A4F7556}") = "TaxiApi", "..\WebApplication1\TaxiApi.csproj", "{A9CD24F8-4184-4E69-93E4-B4EF58704D1E}"
EndProject
Project("{FAE04EC0-301F-11D3-BF4B-00C04F79EFBC}") = "Green_Taxi.Taxi.Shared", "..\Green_Taxi.Taxi.Shared\Green_Taxi.Taxi.Shared.csproj", "{082B68E4-4E50-4F1B-977C-3A1724583897}"
EndProject
Global
	GlobalSection(SolutionConfigurationPlatforms) = preSolution
		Debug|Any CPU = Debug|Any CPU
		Release|Any CPU = Release|Any CPU
	EndGlobalSection
	GlobalSection(ProjectConfigurationPlatforms) = postSolution
		{7BFA06BC-266C-4940-8B3C-A0ADE28FE57E}.Debug|Any CPU.ActiveCfg = Debug|Any CPU
		{7BFA06BC-266C-4940-8B3C-A0ADE28FE57E}.Debug|Any CPU.Build.0 = Debug|Any CPU
		{7BFA06BC-266C-4940-8B3C-A0ADE28FE57E}.Release|Any CPU.ActiveCfg = Release|Any CPU
		{7BFA06BC-266C-4940-8B3C-A0ADE28FE57E}.Release|Any CPU.Build.0 = Release|Any CPU
		{A9CD24F8-4184-4E69-93E4-B4EF58704D1E}.Debug|Any CPU.ActiveCfg = Debug|Any CPU
		{A9CD24F8-4184-4E69-93E4-B4EF58704D1E}.Debug|Any CPU.Build.0 = Debug|Any CPU
		{A9CD24F8-4184-4E69-93E4-B4EF58704D1E}.Release|Any CPU.ActiveCfg = Release|Any CPU
		{A9CD24F8-4184-4E69-93E4-B4EF58704D1E}.Release|Any CPU.Build.0 = Release|Any CPU
		{082B68E4-4E50-4F1B-977C-3A1724583897}.Debug|Any CPU.ActiveCfg = Debug|Any CPU
		{082B68E4-4E50-4F1B-977C-3A1724583897}.Debug|Any CPU.Build.0 = Debug|Any CPU
		{082B68E4-4E50-4F1B-977C-3A1724583897}.Release|Any CPU.ActiveCfg = Release|Any CPU
		{082B68E4-4E50-4F1B-977C-3A1724583897}.Release|Any CPU.Build.0 = Release|Any CPU
	EndGlobalSection
	GlobalSection(SolutionProperties) = preSolution
		HideSolutionNode = FALSE
	EndGlobalSection
	GlobalSection(ExtensibilityGlobals) = postSolution
		SolutionGuid = {6F1C1926-8DA2-4538-8FCC-2B3E538875D7}
	EndGlobalSection
EndGlobal
